<Solution>
  <Folder Name="/Source/">
    <Project Path="src/AngleSharp.ReadOnlyDom/AngleSharp.ReadOnlyDom.csproj" />
    <Project Path="src/AngleSharp.ReadOnlyDom.Compact/AngleSharp.ReadOnlyDom.Compact.csproj" />
  </Folder>
  <Folder Name="/Tests/">
    <Project Path="tests/AngleSharp.ReadOnlyDom.Tests/AngleSharp.ReadOnlyDom.Tests.csproj" />
  </Folder>
  <Folder Name="/Samples/">
    <Project Path="samples/AngleSharp.ReadOnlyDom.ExtractionExamples/AngleSharp.ReadOnlyDom.ExtractionExamples.csproj" />
    <Project Path="samples/AngleSharp.ReadOnlyDom.Samples/AngleSharp.ReadOnlyDom.Samples.csproj" />
  </Folder>
  <Folder Name="/Tools/">
    <Project Path="tools/AngleSharp.ReadOnlyDom.TagGenerator/AngleSharp.ReadOnlyDom.TagGenerator.csproj" />
  </Folder>
</Solution>
